
Microsoft Visual Studio Solution File, Format Version 12.00
# Visual Studio Version 17
VisualStudioVersion = 17.0.31903.59
MinimumVisualStudioVersion = 10.0.40219.1
Project("{2150E333-8FDC-42A3-9474-1A3956D46DE8}") = "Services", "Services", "{09703662-665A-449F-B520-D2248CF4B66A}"
EndProject
Project("{2150E333-8FDC-42A3-9474-1A3956D46DE8}") = "Catalog", "Catalog", "{B7FB963E-54CF-45CA-B92A-1492966966A9}"
EndProject
Project("{FAE04EC0-301F-11D3-BF4B-00C04F79EFBC}") = "Catalog.Api.Web", "Services\Catalog\Catalog.Api.Web\Catalog.Api.Web.csproj", "{2847F680-2432-4527-898F-CDAC038DD35D}"
EndProject
Project("{FAE04EC0-301F-11D3-BF4B-00C04F79EFBC}") = "Catalog.Core", "Services\Catalog\Catalog.Core\Catalog.Core.csproj", "{23F108CB-DEA6-4609-A96B-0A3F13CAECEC}"
EndProject
Project("{FAE04EC0-301F-11D3-BF4B-00C04F79EFBC}") = "Catalog.Application", "Services\Catalog\Catalog.Application\Catalog.Application.csproj", "{414BCE0A-2BE3-4E09-B49C-A769E0B06BBA}"
EndProject
Project("{FAE04EC0-301F-11D3-BF4B-00C04F79EFBC}") = "Catalog.Infrastructure", "Services\Catalog\Catalog.Infrastructure\Catalog.Infrastructure.csproj", "{2932D2F9-C02F-46AE-8C97-458C3513AE19}"
EndProject
Project("{2150E333-8FDC-42A3-9474-1A3956D46DE8}") = "Basket", "Basket", "{4B267ABE-BC76-4471-B454-D2C4854ADBC6}"
EndProject
Project("{FAE04EC0-301F-11D3-BF4B-00C04F79EFBC}") = "Basket.Api.Web", "Services\Basket\Basket.Api.Web\Basket.Api.Web.csproj", "{21961EB9-7D58-4AEF-B560-74D6477C016E}"
EndProject
Project("{FAE04EC0-301F-11D3-BF4B-00C04F79EFBC}") = "Basket.Core", "Services\Basket\Basket.Core\Basket.Core.csproj", "{9C776621-EC25-42DB-BA75-4C574B0341EF}"
EndProject
Project("{FAE04EC0-301F-11D3-BF4B-00C04F79EFBC}") = "Basket.Application", "Services\Basket\Basket.Application\Basket.Application.csproj", "{7503101B-290D-48D5-A064-DA7896FAD9A2}"
EndProject
Project("{FAE04EC0-301F-11D3-BF4B-00C04F79EFBC}") = "Basket.Infrastructure", "Services\Basket\Basket.Infrastructure\Basket.Infrastructure.csproj", "{3EA55E26-A8CB-40DA-8779-34924728FB73}"
EndProject
Project("{2150E333-8FDC-42A3-9474-1A3956D46DE8}") = "ApiGateway", "ApiGateway", "{38FBCDBB-C6E1-45EE-B971-357F508E5CE1}"
EndProject
Project("{FAE04EC0-301F-11D3-BF4B-00C04F79EFBC}") = "Ocelot.ApiGateway", "ApiGateway\Ocelot.ApiGateway\Ocelot.ApiGateway.csproj", "{EE5B67EA-18EF-41A4-B868-AB763CA6879E}"
EndProject
Global
	GlobalSection(SolutionConfigurationPlatforms) = preSolution
		Debug|Any CPU = Debug|Any CPU
		Release|Any CPU = Release|Any CPU
	EndGlobalSection
	GlobalSection(SolutionProperties) = preSolution
		HideSolutionNode = FALSE
	EndGlobalSection
	GlobalSection(ProjectConfigurationPlatforms) = postSolution
		{2847F680-2432-4527-898F-CDAC038DD35D}.Debug|Any CPU.ActiveCfg = Debug|Any CPU
		{2847F680-2432-4527-898F-CDAC038DD35D}.Debug|Any CPU.Build.0 = Debug|Any CPU
		{2847F680-2432-4527-898F-CDAC038DD35D}.Release|Any CPU.ActiveCfg = Release|Any CPU
		{2847F680-2432-4527-898F-CDAC038DD35D}.Release|Any CPU.Build.0 = Release|Any CPU
		{23F108CB-DEA6-4609-A96B-0A3F13CAECEC}.Debug|Any CPU.ActiveCfg = Debug|Any CPU
		{23F108CB-DEA6-4609-A96B-0A3F13CAECEC}.Debug|Any CPU.Build.0 = Debug|Any CPU
		{23F108CB-DEA6-4609-A96B-0A3F13CAECEC}.Release|Any CPU.ActiveCfg = Release|Any CPU
		{23F108CB-DEA6-4609-A96B-0A3F13CAECEC}.Release|Any CPU.Build.0 = Release|Any CPU
		{414BCE0A-2BE3-4E09-B49C-A769E0B06BBA}.Debug|Any CPU.ActiveCfg = Debug|Any CPU
		{414BCE0A-2BE3-4E09-B49C-A769E0B06BBA}.Debug|Any CPU.Build.0 = Debug|Any CPU
		{414BCE0A-2BE3-4E09-B49C-A769E0B06BBA}.Release|Any CPU.ActiveCfg = Release|Any CPU
		{414BCE0A-2BE3-4E09-B49C-A769E0B06BBA}.Release|Any CPU.Build.0 = Release|Any CPU
		{2932D2F9-C02F-46AE-8C97-458C3513AE19}.Debug|Any CPU.ActiveCfg = Debug|Any CPU
		{2932D2F9-C02F-46AE-8C97-458C3513AE19}.Debug|Any CPU.Build.0 = Debug|Any CPU
		{2932D2F9-C02F-46AE-8C97-458C3513AE19}.Release|Any CPU.ActiveCfg = Release|Any CPU
		{2932D2F9-C02F-46AE-8C97-458C3513AE19}.Release|Any CPU.Build.0 = Release|Any CPU
		{21961EB9-7D58-4AEF-B560-74D6477C016E}.Debug|Any CPU.ActiveCfg = Debug|Any CPU
		{21961EB9-7D58-4AEF-B560-74D6477C016E}.Debug|Any CPU.Build.0 = Debug|Any CPU
		{21961EB9-7D58-4AEF-B560-74D6477C016E}.Release|Any CPU.ActiveCfg = Release|Any CPU
		{21961EB9-7D58-4AEF-B560-74D6477C016E}.Release|Any CPU.Build.0 = Release|Any CPU
		{9C776621-EC25-42DB-BA75-4C574B0341EF}.Debug|Any CPU.ActiveCfg = Debug|Any CPU
		{9C776621-EC25-42DB-BA75-4C574B0341EF}.Debug|Any CPU.Build.0 = Debug|Any CPU
		{9C776621-EC25-42DB-BA75-4C574B0341EF}.Release|Any CPU.ActiveCfg = Release|Any CPU
		{9C776621-EC25-42DB-BA75-4C574B0341EF}.Release|Any CPU.Build.0 = Release|Any CPU
		{7503101B-290D-48D5-A064-DA7896FAD9A2}.Debug|Any CPU.ActiveCfg = Debug|Any CPU
		{7503101B-290D-48D5-A064-DA7896FAD9A2}.Debug|Any CPU.Build.0 = Debug|Any CPU
		{7503101B-290D-48D5-A064-DA7896FAD9A2}.Release|Any CPU.ActiveCfg = Release|Any CPU
		{7503101B-290D-48D5-A064-DA7896FAD9A2}.Release|Any CPU.Build.0 = Release|Any CPU
		{3EA55E26-A8CB-40DA-8779-34924728FB73}.Debug|Any CPU.ActiveCfg = Debug|Any CPU
		{3EA55E26-A8CB-40DA-8779-34924728FB73}.Debug|Any CPU.Build.0 = Debug|Any CPU
		{3EA55E26-A8CB-40DA-8779-34924728FB73}.Release|Any CPU.ActiveCfg = Release|Any CPU
		{3EA55E26-A8CB-40DA-8779-34924728FB73}.Release|Any CPU.Build.0 = Release|Any CPU
		{EE5B67EA-18EF-41A4-B868-AB763CA6879E}.Debug|Any CPU.ActiveCfg = Debug|Any CPU
		{EE5B67EA-18EF-41A4-B868-AB763CA6879E}.Debug|Any CPU.Build.0 = Debug|Any CPU
		{EE5B67EA-18EF-41A4-B868-AB763CA6879E}.Release|Any CPU.ActiveCfg = Release|Any CPU
		{EE5B67EA-18EF-41A4-B868-AB763CA6879E}.Release|Any CPU.Build.0 = Release|Any CPU
	EndGlobalSection
	GlobalSection(NestedProjects) = preSolution
		{B7FB963E-54CF-45CA-B92A-1492966966A9} = {09703662-665A-449F-B520-D2248CF4B66A}
		{2847F680-2432-4527-898F-CDAC038DD35D} = {B7FB963E-54CF-45CA-B92A-1492966966A9}
		{23F108CB-DEA6-4609-A96B-0A3F13CAECEC} = {B7FB963E-54CF-45CA-B92A-1492966966A9}
		{414BCE0A-2BE3-4E09-B49C-A769E0B06BBA} = {B7FB963E-54CF-45CA-B92A-1492966966A9}
		{2932D2F9-C02F-46AE-8C97-458C3513AE19} = {B7FB963E-54CF-45CA-B92A-1492966966A9}
		{4B267ABE-BC76-4471-B454-D2C4854ADBC6} = {09703662-665A-449F-B520-D2248CF4B66A}
		{21961EB9-7D58-4AEF-B560-74D6477C016E} = {4B267ABE-BC76-4471-B454-D2C4854ADBC6}
		{9C776621-EC25-42DB-BA75-4C574B0341EF} = {4B267ABE-BC76-4471-B454-D2C4854ADBC6}
		{7503101B-290D-48D5-A064-DA7896FAD9A2} = {4B267ABE-BC76-4471-B454-D2C4854ADBC6}
		{3EA55E26-A8CB-40DA-8779-34924728FB73} = {4B267ABE-BC76-4471-B454-D2C4854ADBC6}
		{EE5B67EA-18EF-41A4-B868-AB763CA6879E} = {38FBCDBB-C6E1-45EE-B971-357F508E5CE1}
	EndGlobalSection
EndGlobal
